
Microsoft Visual Studio Solution File, Format Version 11.00
# Visual Studio 2010
Project("{8BC9CEB8-8B4A-11D0-8D11-00A0C91BC942}") = "aaOceanArnDisp", "source\aaOceanArnoldDisp.vcxproj", "{4BB958AE-4AF1-488A-86A8-65570165A3A0}"
EndProject
Project("{8BC9CEB8-8B4A-11D0-8D11-00A0C91BC942}") = "aaOceanArnFoam", "source\aaOceanArnoldFoam.vcxproj", "{DD5CA0D5-8704-4622-985B-363FC5499C39}"
EndProject
Global
	GlobalSection(SolutionConfigurationPlatforms) = preSolution
		Debug|Win32 = Debug|Win32
		Debug|x64 = Debug|x64
		DebugOcean|Win32 = DebugOcean|Win32
		DebugOcean|x64 = DebugOcean|x64
		Release|Win32 = Release|Win32
		Release|x64 = Release|x64
	EndGlobalSection
	GlobalSection(ProjectConfigurationPlatforms) = postSolution
		{4BB958AE-4AF1-488A-86A8-65570165A3A0}.Debug|Win32.ActiveCfg = Release|x64
		{4BB958AE-4AF1-488A-86A8-65570165A3A0}.Debug|Win32.Build.0 = Release|x64
		{4BB958AE-4AF1-488A-86A8-65570165A3A0}.Debug|x64.ActiveCfg = Release|x64
		{4BB958AE-4AF1-488A-86A8-65570165A3A0}.Debug|x64.Build.0 = Release|x64
		{4BB958AE-4AF1-488A-86A8-65570165A3A0}.DebugOcean|Win32.ActiveCfg = DebugOcean|x64
		{4BB958AE-4AF1-488A-86A8-65570165A3A0}.DebugOcean|Win32.Build.0 = DebugOcean|x64
		{4BB958AE-4AF1-488A-86A8-65570165A3A0}.DebugOcean|x64.ActiveCfg = DebugOcean|x64
		{4BB958AE-4AF1-488A-86A8-65570165A3A0}.DebugOcean|x64.Build.0 = DebugOcean|x64
		{4BB958AE-4AF1-488A-86A8-65570165A3A0}.Release|Win32.ActiveCfg = Release|Win32
		{4BB958AE-4AF1-488A-86A8-65570165A3A0}.Release|Win32.Build.0 = Release|Win32
		{4BB958AE-4AF1-488A-86A8-65570165A3A0}.Release|x64.ActiveCfg = Release|x64
		{4BB958AE-4AF1-488A-86A8-65570165A3A0}.Release|x64.Build.0 = Release|x64
		{DD5CA0D5-8704-4622-985B-363FC5499C39}.Debug|Win32.ActiveCfg = Release|x64
		{DD5CA0D5-8704-4622-985B-363FC5499C39}.Debug|Win32.Build.0 = Release|x64
		{DD5CA0D5-8704-4622-985B-363FC5499C39}.Debug|x64.ActiveCfg = Release|x64
		{DD5CA0D5-8704-4622-985B-363FC5499C39}.Debug|x64.Build.0 = Release|x64
		{DD5CA0D5-8704-4622-985B-363FC5499C39}.DebugOcean|Win32.ActiveCfg = DebugOcean|x64
		{DD5CA0D5-8704-4622-985B-363FC5499C39}.DebugOcean|Win32.Build.0 = DebugOcean|x64
		{DD5CA0D5-8704-4622-985B-363FC5499C39}.DebugOcean|x64.ActiveCfg = DebugOcean|x64
		{DD5CA0D5-8704-4622-985B-363FC5499C39}.DebugOcean|x64.Build.0 = DebugOcean|x64
		{DD5CA0D5-8704-4622-985B-363FC5499C39}.Release|Win32.ActiveCfg = Release|Win32
		{DD5CA0D5-8704-4622-985B-363FC5499C39}.Release|Win32.Build.0 = Release|Win32
		{DD5CA0D5-8704-4622-985B-363FC5499C39}.Release|x64.ActiveCfg = Release|x64
		{DD5CA0D5-8704-4622-985B-363FC5499C39}.Release|x64.Build.0 = Release|x64
	EndGlobalSection
	GlobalSection(SolutionProperties) = preSolution
		HideSolutionNode = FALSE
	EndGlobalSection
EndGlobal
