<?xml version="1.0" encoding="utf-8"?>
<Project ToolsVersion="4.0" xmlns="http://schemas.microsoft.com/developer/msbuild/2003">
  <ItemGroup>
    <ClCompile Include="aaOceanShaders.cpp" />
  </ItemGroup>
  <ItemGroup>
    <Filter Include="aaOceanClass">
      <UniqueIdentifier>{68e152ac-4e0c-46a2-a083-f57042f0a2aa}</UniqueIdentifier>
    </Filter>
  </ItemGroup>
</Project>